
Microsoft Visual Studio Solution File, Format Version 12.00
# Visual Studio 15
VisualStudioVersion = 15.0.28307.902
MinimumVisualStudioVersion = 10.0.40219.1
Project("{FAE04EC0-301F-11D3-BF4B-00C04F79EFBC}") = "Task_4", "Task_4\Task_4.csproj", "{B71C292C-F583-4B55-8D3B-5528D192A48E}"
EndProject
Global
	GlobalSection(SolutionConfigurationPlatforms) = preSolution
		Debug|Any CPU = Debug|Any CPU
		Release|Any CPU = Release|Any CPU
	EndGlobalSection
	GlobalSection(ProjectConfigurationPlatforms) = postSolution
		{B71C292C-F583-4B55-8D3B-5528D192A48E}.Debug|Any CPU.ActiveCfg = Debug|Any CPU
		{B71C292C-F583-4B55-8D3B-5528D192A48E}.Debug|Any CPU.Build.0 = Debug|Any CPU
		{B71C292C-F583-4B55-8D3B-5528D192A48E}.Release|Any CPU.ActiveCfg = Release|Any CPU
		{B71C292C-F583-4B55-8D3B-5528D192A48E}.Release|Any CPU.Build.0 = Release|Any CPU
	EndGlobalSection
	GlobalSection(SolutionProperties) = preSolution
		HideSolutionNode = FALSE
	EndGlobalSection
	GlobalSection(ExtensibilityGlobals) = postSolution
		SolutionGuid = {5234BFBD-39B1-486A-8B37-766B25D76CD5}
	EndGlobalSection
EndGlobal
